
Microsoft Visual Studio Solution File, Format Version 12.00
# Visual Studio Version 17
VisualStudioVersion = 17.0.32014.148
MinimumVisualStudioVersion = 10.0.40219.1
Project("{FAE04EC0-301F-11D3-BF4B-00C04F79EFBC}") = "PrimeKNative", "PrimeKNative.csproj", "{23B71627-61D0-455D-8200-1510138EBBBA}"
EndProject
Global
	GlobalSection(SolutionConfigurationPlatforms) = preSolution
		Debug|Any CPU = Debug|Any CPU
		Release|Any CPU = Release|Any CPU
	EndGlobalSection
	GlobalSection(ProjectConfigurationPlatforms) = postSolution
		{23B71627-61D0-455D-8200-1510138EBBBA}.Debug|Any CPU.ActiveCfg = Debug|Any CPU
		{23B71627-61D0-455D-8200-1510138EBBBA}.Debug|Any CPU.Build.0 = Debug|Any CPU
		{23B71627-61D0-455D-8200-1510138EBBBA}.Release|Any CPU.ActiveCfg = Release|Any CPU
		{23B71627-61D0-455D-8200-1510138EBBBA}.Release|Any CPU.Build.0 = Release|Any CPU
	EndGlobalSection
	GlobalSection(SolutionProperties) = preSolution
		HideSolutionNode = FALSE
	EndGlobalSection
	GlobalSection(ExtensibilityGlobals) = postSolution
		SolutionGuid = {7D8442EA-48F5-47FA-8466-70627BDFBE17}
	EndGlobalSection
EndGlobal
